
Microsoft Visual Studio Solution File, Format Version 12.00
# Visual Studio Version 17
VisualStudioVersion = 17.3.32929.385
MinimumVisualStudioVersion = 10.0.40219.1
Project("{9A19103F-16F7-4668-BE54-9A1E7A4F7556}") = "MyProject.Web", "MyProject.Web\MyProject.Web.csproj", "{9BB1BC64-F3F9-40EB-82EB-2448DCD6DEAD}"
EndProject
Project("{9A19103F-16F7-4668-BE54-9A1E7A4F7556}") = "MyProject.Data", "MyProject.Data\MyProject.Data.csproj", "{6F2A80DE-1659-43DB-AD08-6F0AD5FA5542}"
EndProject
Project("{9A19103F-16F7-4668-BE54-9A1E7A4F7556}") = "Service", "Service\Service.csproj", "{A8614332-19BF-4588-AE4B-003A88ABB508}"
EndProject
Project("{9A19103F-16F7-4668-BE54-9A1E7A4F7556}") = "MyProject.ViewModel", "MyProject.ViewModel\MyProject.ViewModel.csproj", "{09B434E6-37E4-4D2D-AF79-731E9BD9AD47}"
EndProject
Project("{9A19103F-16F7-4668-BE54-9A1E7A4F7556}") = "MyProject.ActionFilter", "MyProject.ActionFilter\MyProject.ActionFilter.csproj", "{865A5058-34E7-4C04-BBEB-E288B065B071}"
EndProject
Project("{9A19103F-16F7-4668-BE54-9A1E7A4F7556}") = "MyProject.Utilities", "MyProject.Utilities\MyProject.Utilities.csproj", "{DA0BDD79-C07E-4087-9BCA-FB70BA934B32}"
EndProject
Project("{9A19103F-16F7-4668-BE54-9A1E7A4F7556}") = "UnitTest", "UnitTest\UnitTest.csproj", "{2760CD85-FFC5-408B-ACE4-9B1E0526E76A}"
EndProject
Project("{FAE04EC0-301F-11D3-BF4B-00C04F79EFBC}") = "PrintService", "PrintService\PrintService.csproj", "{1DA73A1F-8D89-4800-A67D-19AA0474B768}"
EndProject
Global
	GlobalSection(SolutionConfigurationPlatforms) = preSolution
		Debug|Any CPU = Debug|Any CPU
		Release|Any CPU = Release|Any CPU
	EndGlobalSection
	GlobalSection(ProjectConfigurationPlatforms) = postSolution
		{9BB1BC64-F3F9-40EB-82EB-2448DCD6DEAD}.Debug|Any CPU.ActiveCfg = Debug|Any CPU
		{9BB1BC64-F3F9-40EB-82EB-2448DCD6DEAD}.Debug|Any CPU.Build.0 = Debug|Any CPU
		{9BB1BC64-F3F9-40EB-82EB-2448DCD6DEAD}.Release|Any CPU.ActiveCfg = Release|Any CPU
		{9BB1BC64-F3F9-40EB-82EB-2448DCD6DEAD}.Release|Any CPU.Build.0 = Release|Any CPU
		{6F2A80DE-1659-43DB-AD08-6F0AD5FA5542}.Debug|Any CPU.ActiveCfg = Debug|Any CPU
		{6F2A80DE-1659-43DB-AD08-6F0AD5FA5542}.Debug|Any CPU.Build.0 = Debug|Any CPU
		{6F2A80DE-1659-43DB-AD08-6F0AD5FA5542}.Release|Any CPU.ActiveCfg = Release|Any CPU
		{6F2A80DE-1659-43DB-AD08-6F0AD5FA5542}.Release|Any CPU.Build.0 = Release|Any CPU
		{A8614332-19BF-4588-AE4B-003A88ABB508}.Debug|Any CPU.ActiveCfg = Debug|Any CPU
		{A8614332-19BF-4588-AE4B-003A88ABB508}.Debug|Any CPU.Build.0 = Debug|Any CPU
		{A8614332-19BF-4588-AE4B-003A88ABB508}.Release|Any CPU.ActiveCfg = Release|Any CPU
		{A8614332-19BF-4588-AE4B-003A88ABB508}.Release|Any CPU.Build.0 = Release|Any CPU
		{09B434E6-37E4-4D2D-AF79-731E9BD9AD47}.Debug|Any CPU.ActiveCfg = Debug|Any CPU
		{09B434E6-37E4-4D2D-AF79-731E9BD9AD47}.Debug|Any CPU.Build.0 = Debug|Any CPU
		{09B434E6-37E4-4D2D-AF79-731E9BD9AD47}.Release|Any CPU.ActiveCfg = Release|Any CPU
		{09B434E6-37E4-4D2D-AF79-731E9BD9AD47}.Release|Any CPU.Build.0 = Release|Any CPU
		{865A5058-34E7-4C04-BBEB-E288B065B071}.Debug|Any CPU.ActiveCfg = Debug|Any CPU
		{865A5058-34E7-4C04-BBEB-E288B065B071}.Debug|Any CPU.Build.0 = Debug|Any CPU
		{865A5058-34E7-4C04-BBEB-E288B065B071}.Release|Any CPU.ActiveCfg = Release|Any CPU
		{865A5058-34E7-4C04-BBEB-E288B065B071}.Release|Any CPU.Build.0 = Release|Any CPU
		{DA0BDD79-C07E-4087-9BCA-FB70BA934B32}.Debug|Any CPU.ActiveCfg = Debug|Any CPU
		{DA0BDD79-C07E-4087-9BCA-FB70BA934B32}.Debug|Any CPU.Build.0 = Debug|Any CPU
		{DA0BDD79-C07E-4087-9BCA-FB70BA934B32}.Release|Any CPU.ActiveCfg = Release|Any CPU
		{DA0BDD79-C07E-4087-9BCA-FB70BA934B32}.Release|Any CPU.Build.0 = Release|Any CPU
		{2760CD85-FFC5-408B-ACE4-9B1E0526E76A}.Debug|Any CPU.ActiveCfg = Debug|Any CPU
		{2760CD85-FFC5-408B-ACE4-9B1E0526E76A}.Debug|Any CPU.Build.0 = Debug|Any CPU
		{2760CD85-FFC5-408B-ACE4-9B1E0526E76A}.Release|Any CPU.ActiveCfg = Release|Any CPU
		{2760CD85-FFC5-408B-ACE4-9B1E0526E76A}.Release|Any CPU.Build.0 = Release|Any CPU
		{1DA73A1F-8D89-4800-A67D-19AA0474B768}.Debug|Any CPU.ActiveCfg = Debug|Any CPU
		{1DA73A1F-8D89-4800-A67D-19AA0474B768}.Debug|Any CPU.Build.0 = Debug|Any CPU
		{1DA73A1F-8D89-4800-A67D-19AA0474B768}.Release|Any CPU.ActiveCfg = Release|Any CPU
		{1DA73A1F-8D89-4800-A67D-19AA0474B768}.Release|Any CPU.Build.0 = Release|Any CPU
	EndGlobalSection
	GlobalSection(SolutionProperties) = preSolution
		HideSolutionNode = FALSE
	EndGlobalSection
	GlobalSection(ExtensibilityGlobals) = postSolution
		SolutionGuid = {8B55E3DA-ADE8-4DE3-BEA2-C74158E4A108}
	EndGlobalSection
EndGlobal
